
Microsoft Visual Studio Solution File, Format Version 12.00
# Visual Studio Version 17
VisualStudioVersion = 17.13.35931.197 d17.13
MinimumVisualStudioVersion = 10.0.40219.1
Project("{FAE04EC0-301F-11D3-BF4B-00C04F79EFBC}") = "cafe-management-system", "cafe-management-system\cafe-management-system.csproj", "{EB75D18B-1153-4BC6-9981-28ABCDC0B8F7}"
EndProject
Global
	GlobalSection(SolutionConfigurationPlatforms) = preSolution
		Debug|Any CPU = Debug|Any CPU
		Release|Any CPU = Release|Any CPU
	EndGlobalSection
	GlobalSection(ProjectConfigurationPlatforms) = postSolution
		{EB75D18B-1153-4BC6-9981-28ABCDC0B8F7}.Debug|Any CPU.ActiveCfg = Debug|Any CPU
		{EB75D18B-1153-4BC6-9981-28ABCDC0B8F7}.Debug|Any CPU.Build.0 = Debug|Any CPU
		{EB75D18B-1153-4BC6-9981-28ABCDC0B8F7}.Release|Any CPU.ActiveCfg = Release|Any CPU
		{EB75D18B-1153-4BC6-9981-28ABCDC0B8F7}.Release|Any CPU.Build.0 = Release|Any CPU
	EndGlobalSection
	GlobalSection(SolutionProperties) = preSolution
		HideSolutionNode = FALSE
	EndGlobalSection
	GlobalSection(ExtensibilityGlobals) = postSolution
		SolutionGuid = {569F20E5-E470-4FD6-9F8D-724C9205415D}
	EndGlobalSection
EndGlobal
